
Microsoft Visual Studio Solution File, Format Version 12.00
# Visual Studio Version 17
VisualStudioVersion = 17.2.32616.157
MinimumVisualStudioVersion = 10.0.40219.1
Project("{FAE04EC0-301F-11D3-BF4B-00C04F79EFBC}") = "CRMTask", "CRMTask.csproj", "{27759379-8A45-4978-9711-8DB82B7A0F27}"
EndProject
Global
	GlobalSection(SolutionConfigurationPlatforms) = preSolution
		Debug|Any CPU = Debug|Any CPU
		Release|Any CPU = Release|Any CPU
	EndGlobalSection
	GlobalSection(ProjectConfigurationPlatforms) = postSolution
		{27759379-8A45-4978-9711-8DB82B7A0F27}.Debug|Any CPU.ActiveCfg = Debug|Any CPU
		{27759379-8A45-4978-9711-8DB82B7A0F27}.Debug|Any CPU.Build.0 = Debug|Any CPU
		{27759379-8A45-4978-9711-8DB82B7A0F27}.Release|Any CPU.ActiveCfg = Release|Any CPU
		{27759379-8A45-4978-9711-8DB82B7A0F27}.Release|Any CPU.Build.0 = Release|Any CPU
	EndGlobalSection
	GlobalSection(SolutionProperties) = preSolution
		HideSolutionNode = FALSE
	EndGlobalSection
	GlobalSection(ExtensibilityGlobals) = postSolution
		SolutionGuid = {2F95EB12-0F3F-4DB3-8F75-1D71D1E6AD0C}
	EndGlobalSection
EndGlobal
